// !$*UTF8*$!
{
	archiveVersion = 1;
	classes = {
	};
	objectVersion = 56;
	objects = {

/* Begin PBXBuildFile section */
		1E1A814B740B68ABC5A7328E /* libPods-searchGIFApp.a in Frameworks */ = {isa = PBXBuildFile; fileRef = AF0203D07798C06A548C958B /* libPods-searchGIFApp.a */; };
		E50081122C2B7FC30036009D /* AppDelegate.swift in Sources */ = {isa = PBXBuildFile; fileRef = E50081112C2B7FC30036009D /* AppDelegate.swift */; };
		E50081142C2B7FC30036009D /* SceneDelegate.swift in Sources */ = {isa = PBXBuildFile; fileRef = E50081132C2B7FC30036009D /* SceneDelegate.swift */; };
		E500811B2C2B7FC40036009D /* Assets.xcassets in Resources */ = {isa = PBXBuildFile; fileRef = E500811A2C2B7FC40036009D /* Assets.xcassets */; };
		E500811E2C2B7FC40036009D /* LaunchScreen.storyboard in Resources */ = {isa = PBXBuildFile; fileRef = E500811C2C2B7FC40036009D /* LaunchScreen.storyboard */; };
		E500812C2C2B82230036009D /* GIFEntity.swift in Sources */ = {isa = PBXBuildFile; fileRef = E500812B2C2B82230036009D /* GIFEntity.swift */; };
		E500812F2C2B82660036009D /* NetworkManaging.swift in Sources */ = {isa = PBXBuildFile; fileRef = E500812E2C2B82660036009D /* NetworkManaging.swift */; };
		E50081312C2B82990036009D /* GIFListInteractor.swift in Sources */ = {isa = PBXBuildFile; fileRef = E50081302C2B82990036009D /* GIFListInteractor.swift */; };
		E50081332C2B82BA0036009D /* GIFListPresenter.swift in Sources */ = {isa = PBXBuildFile; fileRef = E50081322C2B82BA0036009D /* GIFListPresenter.swift */; };
		E50081352C2B82D90036009D /* GIFListRouter.swift in Sources */ = {isa = PBXBuildFile; fileRef = E50081342C2B82D90036009D /* GIFListRouter.swift */; };
		E50081372C2B83090036009D /* GIFListViewController.swift in Sources */ = {isa = PBXBuildFile; fileRef = E50081362C2B83090036009D /* GIFListViewController.swift */; };
		E50081392C2B84C30036009D /* GIFTableViewCell.swift in Sources */ = {isa = PBXBuildFile; fileRef = E50081382C2B84C30036009D /* GIFTableViewCell.swift */; };
		E500813B2C2B84EB0036009D /* UIImage+Extension.swift in Sources */ = {isa = PBXBuildFile; fileRef = E500813A2C2B84EB0036009D /* UIImage+Extension.swift */; };
		E55F15F92C2BA6CF0043E79B /* GIFService.swift in Sources */ = {isa = PBXBuildFile; fileRef = E55F15F82C2BA6CF0043E79B /* GIFService.swift */; };
		E55F15FB2C2BB6CF0043E79B /* NetworkManagingProtocol.swift in Sources */ = {isa = PBXBuildFile; fileRef = E55F15FA2C2BB6CF0043E79B /* NetworkManagingProtocol.swift */; };
		E55F15FD2C2BB6E40043E79B /* GIFListRouterProtocol.swift in Sources */ = {isa = PBXBuildFile; fileRef = E55F15FC2C2BB6E40043E79B /* GIFListRouterProtocol.swift */; };
		E55F15FF2C2BB7000043E79B /* GIFListPresenterProtocol.swift in Sources */ = {isa = PBXBuildFile; fileRef = E55F15FE2C2BB7000043E79B /* GIFListPresenterProtocol.swift */; };
		E55F16012C2BB7180043E79B /* GIFListInteractorOutputProtocol.swift in Sources */ = {isa = PBXBuildFile; fileRef = E55F16002C2BB7180043E79B /* GIFListInteractorOutputProtocol.swift */; };
		E55F16032C2BB7360043E79B /* GIFListViewProtocol.swift in Sources */ = {isa = PBXBuildFile; fileRef = E55F16022C2BB7360043E79B /* GIFListViewProtocol.swift */; };
/* End PBXBuildFile section */

/* Begin PBXFileReference section */
		5D8BC0C0F7933B1502B3ECD9 /* Pods-searchGIFApp.release.xcconfig */ = {isa = PBXFileReference; includeInIndex = 1; lastKnownFileType = text.xcconfig; name = "Pods-searchGIFApp.release.xcconfig"; path = "Target Support Files/Pods-searchGIFApp/Pods-searchGIFApp.release.xcconfig"; sourceTree = "<group>"; };
		9B3D751A6496A32FF193CD29 /* Pods-searchGIFApp.debug.xcconfig */ = {isa = PBXFileReference; includeInIndex = 1; lastKnownFileType = text.xcconfig; name = "Pods-searchGIFApp.debug.xcconfig"; path = "Target Support Files/Pods-searchGIFApp/Pods-searchGIFApp.debug.xcconfig"; sourceTree = "<group>"; };
		AF0203D07798C06A548C958B /* libPods-searchGIFApp.a */ = {isa = PBXFileReference; explicitFileType = archive.ar; includeInIndex = 0; path = "libPods-searchGIFApp.a"; sourceTree = BUILT_PRODUCTS_DIR; };
		E500810E2C2B7FC30036009D /* searchGIFApp.app */ = {isa = PBXFileReference; explicitFileType = wrapper.application; includeInIndex = 0; path = searchGIFApp.app; sourceTree = BUILT_PRODUCTS_DIR; };
		E50081112C2B7FC30036009D /* AppDelegate.swift */ = {isa = PBXFileReference; lastKnownFileType = sourcecode.swift; path = AppDelegate.swift; sourceTree = "<group>"; };
		E50081132C2B7FC30036009D /* SceneDelegate.swift */ = {isa = PBXFileReference; lastKnownFileType = sourcecode.swift; path = SceneDelegate.swift; sourceTree = "<group>"; };
		E500811A2C2B7FC40036009D /* Assets.xcassets */ = {isa = PBXFileReference; lastKnownFileType = folder.assetcatalog; path = Assets.xcassets; sourceTree = "<group>"; };
		E500811D2C2B7FC40036009D /* Base */ = {isa = PBXFileReference; lastKnownFileType = file.storyboard; name = Base; path = Base.lproj/LaunchScreen.storyboard; sourceTree = "<group>"; };
		E500811F2C2B7FC40036009D /* Info.plist */ = {isa = PBXFileReference; lastKnownFileType = text.plist.xml; path = Info.plist; sourceTree = "<group>"; };
		E500812B2C2B82230036009D /* GIFEntity.swift */ = {isa = PBXFileReference; lastKnownFileType = sourcecode.swift; path = GIFEntity.swift; sourceTree = "<group>"; };
		E500812E2C2B82660036009D /* NetworkManaging.swift */ = {isa = PBXFileReference; lastKnownFileType = sourcecode.swift; path = NetworkManaging.swift; sourceTree = "<group>"; };
		E50081302C2B82990036009D /* GIFListInteractor.swift */ = {isa = PBXFileReference; lastKnownFileType = sourcecode.swift; path = GIFListInteractor.swift; sourceTree = "<group>"; };
		E50081322C2B82BA0036009D /* GIFListPresenter.swift */ = {isa = PBXFileReference; lastKnownFileType = sourcecode.swift; path = GIFListPresenter.swift; sourceTree = "<group>"; };
		E50081342C2B82D90036009D /* GIFListRouter.swift */ = {isa = PBXFileReference; lastKnownFileType = sourcecode.swift; path = GIFListRouter.swift; sourceTree = "<group>"; };
		E50081362C2B83090036009D /* GIFListViewController.swift */ = {isa = PBXFileReference; lastKnownFileType = sourcecode.swift; path = GIFListViewController.swift; sourceTree = "<group>"; };
		E50081382C2B84C30036009D /* GIFTableViewCell.swift */ = {isa = PBXFileReference; lastKnownFileType = sourcecode.swift; path = GIFTableViewCell.swift; sourceTree = "<group>"; };
		E500813A2C2B84EB0036009D /* UIImage+Extension.swift */ = {isa = PBXFileReference; lastKnownFileType = sourcecode.swift; path = "UIImage+Extension.swift"; sourceTree = "<group>"; };
		E55F15F82C2BA6CF0043E79B /* GIFService.swift */ = {isa = PBXFileReference; lastKnownFileType = sourcecode.swift; path = GIFService.swift; sourceTree = "<group>"; };
		E55F15FA2C2BB6CF0043E79B /* NetworkManagingProtocol.swift */ = {isa = PBXFileReference; lastKnownFileType = sourcecode.swift; path = NetworkManagingProtocol.swift; sourceTree = "<group>"; };
		E55F15FC2C2BB6E40043E79B /* GIFListRouterProtocol.swift */ = {isa = PBXFileReference; lastKnownFileType = sourcecode.swift; path = GIFListRouterProtocol.swift; sourceTree = "<group>"; };
		E55F15FE2C2BB7000043E79B /* GIFListPresenterProtocol.swift */ = {isa = PBXFileReference; lastKnownFileType = sourcecode.swift; path = GIFListPresenterProtocol.swift; sourceTree = "<group>"; };
		E55F16002C2BB7180043E79B /* GIFListInteractorOutputProtocol.swift */ = {isa = PBXFileReference; lastKnownFileType = sourcecode.swift; path = GIFListInteractorOutputProtocol.swift; sourceTree = "<group>"; };
		E55F16022C2BB7360043E79B /* GIFListViewProtocol.swift */ = {isa = PBXFileReference; lastKnownFileType = sourcecode.swift; path = GIFListViewProtocol.swift; sourceTree = "<group>"; };
/* End PBXFileReference section */

/* Begin PBXFrameworksBuildPhase section */
		E500810B2C2B7FC30036009D /* Frameworks */ = {
			isa = PBXFrameworksBuildPhase;
			buildActionMask = 2147483647;
			files = (
				1E1A814B740B68ABC5A7328E /* libPods-searchGIFApp.a in Frameworks */,
			);
			runOnlyForDeploymentPostprocessing = 0;
		};
/* End PBXFrameworksBuildPhase section */

/* Begin PBXGroup section */
		76DCA0B369A849DA82235451 /* Frameworks */ = {
			isa = PBXGroup;
			children = (
				AF0203D07798C06A548C958B /* libPods-searchGIFApp.a */,
			);
			name = Frameworks;
			sourceTree = "<group>";
		};
		B73031EC8B3EBE8DCED78E00 /* Pods */ = {
			isa = PBXGroup;
			children = (
				9B3D751A6496A32FF193CD29 /* Pods-searchGIFApp.debug.xcconfig */,
				5D8BC0C0F7933B1502B3ECD9 /* Pods-searchGIFApp.release.xcconfig */,
			);
			path = Pods;
			sourceTree = "<group>";
		};
		E50081052C2B7FC30036009D = {
			isa = PBXGroup;
			children = (
				E50081102C2B7FC30036009D /* searchGIFApp */,
				E500810F2C2B7FC30036009D /* Products */,
				B73031EC8B3EBE8DCED78E00 /* Pods */,
				76DCA0B369A849DA82235451 /* Frameworks */,
			);
			sourceTree = "<group>";
		};
		E500810F2C2B7FC30036009D /* Products */ = {
			isa = PBXGroup;
			children = (
				E500810E2C2B7FC30036009D /* searchGIFApp.app */,
			);
			name = Products;
			sourceTree = "<group>";
		};
		E50081102C2B7FC30036009D /* searchGIFApp */ = {
			isa = PBXGroup;
			children = (
				E50081112C2B7FC30036009D /* AppDelegate.swift */,
				E50081132C2B7FC30036009D /* SceneDelegate.swift */,
				E500813C2C2B84F30036009D /* Extension */,
				E500812D2C2B824B0036009D /* Managers */,
				E50081252C2B804C0036009D /* GIFListModule */,
				E500811A2C2B7FC40036009D /* Assets.xcassets */,
				E500811C2C2B7FC40036009D /* LaunchScreen.storyboard */,
				E500811F2C2B7FC40036009D /* Info.plist */,
			);
			path = searchGIFApp;
			sourceTree = "<group>";
		};
		E50081252C2B804C0036009D /* GIFListModule */ = {
			isa = PBXGroup;
			children = (
				E500812A2C2B80A40036009D /* Router */,
				E50081292C2B80900036009D /* Entity */,
				E50081282C2B80820036009D /* Presenter */,
				E50081272C2B80620036009D /* Interactor */,
				E50081262C2B80590036009D /* View */,
			);
			path = GIFListModule;
			sourceTree = "<group>";
		};
		E50081262C2B80590036009D /* View */ = {
			isa = PBXGroup;
			children = (
				E55F16022C2BB7360043E79B /* GIFListViewProtocol.swift */,
				E50081362C2B83090036009D /* GIFListViewController.swift */,
				E50081382C2B84C30036009D /* GIFTableViewCell.swift */,
			);
			path = View;
			sourceTree = "<group>";
		};
		E50081272C2B80620036009D /* Interactor */ = {
			isa = PBXGroup;
			children = (
				E55F16002C2BB7180043E79B /* GIFListInteractorOutputProtocol.swift */,
				E50081302C2B82990036009D /* GIFListInteractor.swift */,
			);
			path = Interactor;
			sourceTree = "<group>";
		};
		E50081282C2B80820036009D /* Presenter */ = {
			isa = PBXGroup;
			children = (
				E55F15FE2C2BB7000043E79B /* GIFListPresenterProtocol.swift */,
				E50081322C2B82BA0036009D /* GIFListPresenter.swift */,
			);
			path = Presenter;
			sourceTree = "<group>";
		};
		E50081292C2B80900036009D /* Entity */ = {
			isa = PBXGroup;
			children = (
				E500812B2C2B82230036009D /* GIFEntity.swift */,
			);
			path = Entity;
			sourceTree = "<group>";
		};
		E500812A2C2B80A40036009D /* Router */ = {
			isa = PBXGroup;
			children = (
				E55F15FC2C2BB6E40043E79B /* GIFListRouterProtocol.swift */,
				E50081342C2B82D90036009D /* GIFListRouter.swift */,
			);
			path = Router;
			sourceTree = "<group>";
		};
		E500812D2C2B824B0036009D /* Managers */ = {
			isa = PBXGroup;
			children = (
				E55F15FA2C2BB6CF0043E79B /* NetworkManagingProtocol.swift */,
				E500812E2C2B82660036009D /* NetworkManaging.swift */,
				E55F15F82C2BA6CF0043E79B /* GIFService.swift */,
			);
			path = Managers;
			sourceTree = "<group>";
		};
		E500813C2C2B84F30036009D /* Extension */ = {
			isa = PBXGroup;
			children = (
				E500813A2C2B84EB0036009D /* UIImage+Extension.swift */,
			);
			path = Extension;
			sourceTree = "<group>";
		};
/* End PBXGroup section */

/* Begin PBXNativeTarget section */
		E500810D2C2B7FC30036009D /* searchGIFApp */ = {
			isa = PBXNativeTarget;
			buildConfigurationList = E50081222C2B7FC40036009D /* Build configuration list for PBXNativeTarget "searchGIFApp" */;
			buildPhases = (
				B530298BAFB853042EB5EC9B /* [CP] Check Pods Manifest.lock */,
				E500810A2C2B7FC30036009D /* Sources */,
				E500810B2C2B7FC30036009D /* Frameworks */,
				E500810C2C2B7FC30036009D /* Resources */,
			);
			buildRules = (
			);
			dependencies = (
			);
			name = searchGIFApp;
			productName = searchGIFApp;
			productReference = E500810E2C2B7FC30036009D /* searchGIFApp.app */;
			productType = "com.apple.product-type.application";
		};
/* End PBXNativeTarget section */

/* Begin PBXProject section */
		E50081062C2B7FC30036009D /* Project object */ = {
			isa = PBXProject;
			attributes = {
				BuildIndependentTargetsInParallel = 1;
				LastSwiftUpdateCheck = 1500;
				LastUpgradeCheck = 1500;
				TargetAttributes = {
					E500810D2C2B7FC30036009D = {
						CreatedOnToolsVersion = 15.0;
					};
				};
			};
			buildConfigurationList = E50081092C2B7FC30036009D /* Build configuration list for PBXProject "searchGIFApp" */;
			compatibilityVersion = "Xcode 14.0";
			developmentRegion = en;
			hasScannedForEncodings = 0;
			knownRegions = (
				en,
				Base,
			);
			mainGroup = E50081052C2B7FC30036009D;
			productRefGroup = E500810F2C2B7FC30036009D /* Products */;
			projectDirPath = "";
			projectRoot = "";
			targets = (
				E500810D2C2B7FC30036009D /* searchGIFApp */,
			);
		};
/* End PBXProject section */

/* Begin PBXResourcesBuildPhase section */
		E500810C2C2B7FC30036009D /* Resources */ = {
			isa = PBXResourcesBuildPhase;
			buildActionMask = 2147483647;
			files = (
				E500811E2C2B7FC40036009D /* LaunchScreen.storyboard in Resources */,
				E500811B2C2B7FC40036009D /* Assets.xcassets in Resources */,
			);
			runOnlyForDeploymentPostprocessing = 0;
		};
/* End PBXResourcesBuildPhase section */

/* Begin PBXShellScriptBuildPhase section */
		B530298BAFB853042EB5EC9B /* [CP] Check Pods Manifest.lock */ = {
			isa = PBXShellScriptBuildPhase;
			buildActionMask = 2147483647;
			files = (
			);
			inputFileListPaths = (
			);
			inputPaths = (
				"${PODS_PODFILE_DIR_PATH}/Podfile.lock",
				"${PODS_ROOT}/Manifest.lock",
			);
			name = "[CP] Check Pods Manifest.lock";
			outputFileListPaths = (
			);
			outputPaths = (
				"$(DERIVED_FILE_DIR)/Pods-searchGIFApp-checkManifestLockResult.txt",
			);
			runOnlyForDeploymentPostprocessing = 0;
			shellPath = /bin/sh;
			shellScript = "diff \"${PODS_PODFILE_DIR_PATH}/Podfile.lock\" \"${PODS_ROOT}/Manifest.lock\" > /dev/null\nif [ $? != 0 ] ; then\n    # print error to STDERR\n    echo \"error: The sandbox is not in sync with the Podfile.lock. Run 'pod install' or update your CocoaPods installation.\" >&2\n    exit 1\nfi\n# This output is used by Xcode 'outputs' to avoid re-running this script phase.\necho \"SUCCESS\" > \"${SCRIPT_OUTPUT_FILE_0}\"\n";
			showEnvVarsInLog = 0;
		};
/* End PBXShellScriptBuildPhase section */

/* Begin PBXSourcesBuildPhase section */
		E500810A2C2B7FC30036009D /* Sources */ = {
			isa = PBXSourcesBuildPhase;
			buildActionMask = 2147483647;
			files = (
				E500812C2C2B82230036009D /* GIFEntity.swift in Sources */,
				E55F15FD2C2BB6E40043E79B /* GIFListRouterProtocol.swift in Sources */,
				E50081352C2B82D90036009D /* GIFListRouter.swift in Sources */,
				E55F16032C2BB7360043E79B /* GIFListViewProtocol.swift in Sources */,
				E55F15FB2C2BB6CF0043E79B /* NetworkManagingProtocol.swift in Sources */,
				E50081392C2B84C30036009D /* GIFTableViewCell.swift in Sources */,
				E50081332C2B82BA0036009D /* GIFListPresenter.swift in Sources */,
				E500813B2C2B84EB0036009D /* UIImage+Extension.swift in Sources */,
				E500812F2C2B82660036009D /* NetworkManaging.swift in Sources */,
				E50081122C2B7FC30036009D /* AppDelegate.swift in Sources */,
				E55F15FF2C2BB7000043E79B /* GIFListPresenterProtocol.swift in Sources */,
				E50081142C2B7FC30036009D /* SceneDelegate.swift in Sources */,
				E55F15F92C2BA6CF0043E79B /* GIFService.swift in Sources */,
				E50081372C2B83090036009D /* GIFListViewController.swift in Sources */,
				E50081312C2B82990036009D /* GIFListInteractor.swift in Sources */,
				E55F16012C2BB7180043E79B /* GIFListInteractorOutputProtocol.swift in Sources */,
			);
			runOnlyForDeploymentPostprocessing = 0;
		};
/* End PBXSourcesBuildPhase section */

/* Begin PBXVariantGroup section */
		E500811C2C2B7FC40036009D /* LaunchScreen.storyboard */ = {
			isa = PBXVariantGroup;
			children = (
				E500811D2C2B7FC40036009D /* Base */,
			);
			name = LaunchScreen.storyboard;
			sourceTree = "<group>";
		};
/* End PBXVariantGroup section */

/* Begin XCBuildConfiguration section */
		E50081202C2B7FC40036009D /* Debug */ = {
			isa = XCBuildConfiguration;
			buildSettings = {
				ALWAYS_SEARCH_USER_PATHS = NO;
				ASSETCATALOG_COMPILER_GENERATE_SWIFT_ASSET_SYMBOL_EXTENSIONS = YES;
				CLANG_ANALYZER_NONNULL = YES;
				CLANG_ANALYZER_NUMBER_OBJECT_CONVERSION = YES_AGGRESSIVE;
				CLANG_CXX_LANGUAGE_STANDARD = "gnu++20";
				CLANG_ENABLE_MODULES = YES;
				CLANG_ENABLE_OBJC_ARC = YES;
				CLANG_ENABLE_OBJC_WEAK = YES;
				CLANG_WARN_BLOCK_CAPTURE_AUTORELEASING = YES;
				CLANG_WARN_BOOL_CONVERSION = YES;
				CLANG_WARN_COMMA = YES;
				CLANG_WARN_CONSTANT_CONVERSION = YES;
				CLANG_WARN_DEPRECATED_OBJC_IMPLEMENTATIONS = YES;
				CLANG_WARN_DIRECT_OBJC_ISA_USAGE = YES_ERROR;
				CLANG_WARN_DOCUMENTATION_COMMENTS = YES;
				CLANG_WARN_EMPTY_BODY = YES;
				CLANG_WARN_ENUM_CONVERSION = YES;
				CLANG_WARN_INFINITE_RECURSION = YES;
				CLANG_WARN_INT_CONVERSION = YES;
				CLANG_WARN_NON_LITERAL_NULL_CONVERSION = YES;
				CLANG_WARN_OBJC_IMPLICIT_RETAIN_SELF = YES;
				CLANG_WARN_OBJC_LITERAL_CONVERSION = YES;
				CLANG_WARN_OBJC_ROOT_CLASS = YES_ERROR;
				CLANG_WARN_QUOTED_INCLUDE_IN_FRAMEWORK_HEADER = YES;
				CLANG_WARN_RANGE_LOOP_ANALYSIS = YES;
				CLANG_WARN_STRICT_PROTOTYPES = YES;
				CLANG_WARN_SUSPICIOUS_MOVE = YES;
				CLANG_WARN_UNGUARDED_AVAILABILITY = YES_AGGRESSIVE;
				CLANG_WARN_UNREACHABLE_CODE = YES;
				CLANG_WARN__DUPLICATE_METHOD_MATCH = YES;
				COPY_PHASE_STRIP = NO;
				DEBUG_INFORMATION_FORMAT = dwarf;
				ENABLE_STRICT_OBJC_MSGSEND = YES;
				ENABLE_TESTABILITY = YES;
				ENABLE_USER_SCRIPT_SANDBOXING = YES;
				GCC_C_LANGUAGE_STANDARD = gnu17;
				GCC_DYNAMIC_NO_PIC = NO;
				GCC_NO_COMMON_BLOCKS = YES;
				GCC_OPTIMIZATION_LEVEL = 0;
				GCC_PREPROCESSOR_DEFINITIONS = (
					"DEBUG=1",
					"$(inherited)",
				);
				GCC_WARN_64_TO_32_BIT_CONVERSION = YES;
				GCC_WARN_ABOUT_RETURN_TYPE = YES_ERROR;
				GCC_WARN_UNDECLARED_SELECTOR = YES;
				GCC_WARN_UNINITIALIZED_AUTOS = YES_AGGRESSIVE;
				GCC_WARN_UNUSED_FUNCTION = YES;
				GCC_WARN_UNUSED_VARIABLE = YES;
				IPHONEOS_DEPLOYMENT_TARGET = 17.0;
				LOCALIZATION_PREFERS_STRING_CATALOGS = YES;
				MTL_ENABLE_DEBUG_INFO = INCLUDE_SOURCE;
				MTL_FAST_MATH = YES;
				ONLY_ACTIVE_ARCH = YES;
				SDKROOT = iphoneos;
				SWIFT_ACTIVE_COMPILATION_CONDITIONS = "DEBUG $(inherited)";
				SWIFT_OPTIMIZATION_LEVEL = "-Onone";
			};
			name = Debug;
		};
		E50081212C2B7FC40036009D /* Release */ = {
			isa = XCBuildConfiguration;
			buildSettings = {
				ALWAYS_SEARCH_USER_PATHS = NO;
				ASSETCATALOG_COMPILER_GENERATE_SWIFT_ASSET_SYMBOL_EXTENSIONS = YES;
				CLANG_ANALYZER_NONNULL = YES;
				CLANG_ANALYZER_NUMBER_OBJECT_CONVERSION = YES_AGGRESSIVE;
				CLANG_CXX_LANGUAGE_STANDARD = "gnu++20";
				CLANG_ENABLE_MODULES = YES;
				CLANG_ENABLE_OBJC_ARC = YES;
				CLANG_ENABLE_OBJC_WEAK = YES;
				CLANG_WARN_BLOCK_CAPTURE_AUTORELEASING = YES;
				CLANG_WARN_BOOL_CONVERSION = YES;
				CLANG_WARN_COMMA = YES;
				CLANG_WARN_CONSTANT_CONVERSION = YES;
				CLANG_WARN_DEPRECATED_OBJC_IMPLEMENTATIONS = YES;
				CLANG_WARN_DIRECT_OBJC_ISA_USAGE = YES_ERROR;
				CLANG_WARN_DOCUMENTATION_COMMENTS = YES;
				CLANG_WARN_EMPTY_BODY = YES;
				CLANG_WARN_ENUM_CONVERSION = YES;
				CLANG_WARN_INFINITE_RECURSION = YES;
				CLANG_WARN_INT_CONVERSION = YES;
				CLANG_WARN_NON_LITERAL_NULL_CONVERSION = YES;
				CLANG_WARN_OBJC_IMPLICIT_RETAIN_SELF = YES;
				CLANG_WARN_OBJC_LITERAL_CONVERSION = YES;
				CLANG_WARN_OBJC_ROOT_CLASS = YES_ERROR;
				CLANG_WARN_QUOTED_INCLUDE_IN_FRAMEWORK_HEADER = YES;
				CLANG_WARN_RANGE_LOOP_ANALYSIS = YES;
				CLANG_WARN_STRICT_PROTOTYPES = YES;
				CLANG_WARN_SUSPICIOUS_MOVE = YES;
				CLANG_WARN_UNGUARDED_AVAILABILITY = YES_AGGRESSIVE;
				CLANG_WARN_UNREACHABLE_CODE = YES;
				CLANG_WARN__DUPLICATE_METHOD_MATCH = YES;
				COPY_PHASE_STRIP = NO;
				DEBUG_INFORMATION_FORMAT = "dwarf-with-dsym";
				ENABLE_NS_ASSERTIONS = NO;
				ENABLE_STRICT_OBJC_MSGSEND = YES;
				ENABLE_USER_SCRIPT_SANDBOXING = YES;
				GCC_C_LANGUAGE_STANDARD = gnu17;
				GCC_NO_COMMON_BLOCKS = YES;
				GCC_WARN_64_TO_32_BIT_CONVERSION = YES;
				GCC_WARN_ABOUT_RETURN_TYPE = YES_ERROR;
				GCC_WARN_UNDECLARED_SELECTOR = YES;
				GCC_WARN_UNINITIALIZED_AUTOS = YES_AGGRESSIVE;
				GCC_WARN_UNUSED_FUNCTION = YES;
				GCC_WARN_UNUSED_VARIABLE = YES;
				IPHONEOS_DEPLOYMENT_TARGET = 17.0;
				LOCALIZATION_PREFERS_STRING_CATALOGS = YES;
				MTL_ENABLE_DEBUG_INFO = NO;
				MTL_FAST_MATH = YES;
				SDKROOT = iphoneos;
				SWIFT_COMPILATION_MODE = wholemodule;
				VALIDATE_PRODUCT = YES;
			};
			name = Release;
		};
		E50081232C2B7FC40036009D /* Debug */ = {
			isa = XCBuildConfiguration;
			baseConfigurationReference = 9B3D751A6496A32FF193CD29 /* Pods-searchGIFApp.debug.xcconfig */;
			buildSettings = {
				ASSETCATALOG_COMPILER_APPICON_NAME = AppIcon;
				ASSETCATALOG_COMPILER_GLOBAL_ACCENT_COLOR_NAME = AccentColor;
				CODE_SIGN_STYLE = Automatic;
				CURRENT_PROJECT_VERSION = 1;
				DEVELOPMENT_TEAM = 285RB76V6A;
				GENERATE_INFOPLIST_FILE = YES;
				INFOPLIST_FILE = searchGIFApp/Info.plist;
				INFOPLIST_KEY_UIApplicationSupportsIndirectInputEvents = YES;
				INFOPLIST_KEY_UILaunchStoryboardName = LaunchScreen;
				INFOPLIST_KEY_UISupportedInterfaceOrientations_iPad = "UIInterfaceOrientationPortrait UIInterfaceOrientationPortraitUpsideDown UIInterfaceOrientationLandscapeLeft UIInterfaceOrientationLandscapeRight";
				INFOPLIST_KEY_UISupportedInterfaceOrientations_iPhone = "UIInterfaceOrientationPortrait UIInterfaceOrientationLandscapeLeft UIInterfaceOrientationLandscapeRight";
				LD_RUNPATH_SEARCH_PATHS = (
					"$(inherited)",
					"@executable_path/Frameworks",
				);
				MARKETING_VERSION = 1.0;
				PRODUCT_BUNDLE_IDENTIFIER = searchGIFApp.searchGIFApp;
				PRODUCT_NAME = "$(TARGET_NAME)";
				SWIFT_EMIT_LOC_STRINGS = YES;
				SWIFT_VERSION = 5.0;
				TARGETED_DEVICE_FAMILY = "1,2";
			};
			name = Debug;
		};
		E50081242C2B7FC40036009D /* Release */ = {
			isa = XCBuildConfiguration;
			baseConfigurationReference = 5D8BC0C0F7933B1502B3ECD9 /* Pods-searchGIFApp.release.xcconfig */;
			buildSettings = {
				ASSETCATALOG_COMPILER_APPICON_NAME = AppIcon;
				ASSETCATALOG_COMPILER_GLOBAL_ACCENT_COLOR_NAME = AccentColor;
				CODE_SIGN_STYLE = Automatic;
				CURRENT_PROJECT_VERSION = 1;
				DEVELOPMENT_TEAM = 285RB76V6A;
				GENERATE_INFOPLIST_FILE = YES;
				INFOPLIST_FILE = searchGIFApp/Info.plist;
				INFOPLIST_KEY_UIApplicationSupportsIndirectInputEvents = YES;
				INFOPLIST_KEY_UILaunchStoryboardName = LaunchScreen;
				INFOPLIST_KEY_UISupportedInterfaceOrientations_iPad = "UIInterfaceOrientationPortrait UIInterfaceOrientationPortraitUpsideDown UIInterfaceOrientationLandscapeLeft UIInterfaceOrientationLandscapeRight";
				INFOPLIST_KEY_UISupportedInterfaceOrientations_iPhone = "UIInterfaceOrientationPortrait UIInterfaceOrientationLandscapeLeft UIInterfaceOrientationLandscapeRight";
				LD_RUNPATH_SEARCH_PATHS = (
					"$(inherited)",
					"@executable_path/Frameworks",
				);
				MARKETING_VERSION = 1.0;
				PRODUCT_BUNDLE_IDENTIFIER = searchGIFApp.searchGIFApp;
				PRODUCT_NAME = "$(TARGET_NAME)";
				SWIFT_EMIT_LOC_STRINGS = YES;
				SWIFT_VERSION = 5.0;
				TARGETED_DEVICE_FAMILY = "1,2";
			};
			name = Release;
		};
/* End XCBuildConfiguration section */

/* Begin XCConfigurationList section */
		E50081092C2B7FC30036009D /* Build configuration list for PBXProject "searchGIFApp" */ = {
			isa = XCConfigurationList;
			buildConfigurations = (
				E50081202C2B7FC40036009D /* Debug */,
				E50081212C2B7FC40036009D /* Release */,
			);
			defaultConfigurationIsVisible = 0;
			defaultConfigurationName = Release;
		};
		E50081222C2B7FC40036009D /* Build configuration list for PBXNativeTarget "searchGIFApp" */ = {
			isa = XCConfigurationList;
			buildConfigurations = (
				E50081232C2B7FC40036009D /* Debug */,
				E50081242C2B7FC40036009D /* Release */,
			);
			defaultConfigurationIsVisible = 0;
			defaultConfigurationName = Release;
		};
/* End XCConfigurationList section */
	};
	rootObject = E50081062C2B7FC30036009D /* Project object */;
}
